
Microsoft Visual Studio Solution File, Format Version 12.00
# Visual Studio Version 17
VisualStudioVersion = 17.10.34818.151
MinimumVisualStudioVersion = 10.0.40219.1
Project("{9A19103F-16F7-4668-BE54-9A1E7A4F7556}") = "test1", "test1.csproj", "{DFD6CB12-FEEB-4A42-86EA-728DCCBBEFAE}"
EndProject
Project("{9A19103F-16F7-4668-BE54-9A1E7A4F7556}") = "NotNot.Core", "..\..\lib\NotNot.Core\NotNot.Core.csproj", "{43AE17FC-7784-40FA-9A2E-562FBA451F9A}"
EndProject
Project("{9A19103F-16F7-4668-BE54-9A1E7A4F7556}") = "NotNot.GodotNet", "..\..\lib\NotNot.GodotNet\NotNot.GodotNet.csproj", "{37675BCC-F03C-4F60-B541-257F3BF48281}"
EndProject
Project("{9A19103F-16F7-4668-BE54-9A1E7A4F7556}") = "NotNot.Utils.ToPort", "..\..\lib\NotNot.Utils\NotNot.Utils.ToPort.csproj", "{94FB113B-495C-4295-884D-1EFAC11815A5}"
EndProject
Project("{9A19103F-16F7-4668-BE54-9A1E7A4F7556}") = "NotNot", "..\..\lib\NotNot\NotNot.csproj", "{D36DDC06-1F18-47EE-97D6-29FCCF6B627C}"
EndProject
Project("{9A19103F-16F7-4668-BE54-9A1E7A4F7556}") = "NotNot.Server", "..\..\lib\NotNot.Server\NotNot.Server.csproj", "{A19C2334-B2E0-4314-983D-AD379FFD8416}"
EndProject
Project("{2150E333-8FDC-42A3-9474-1A3956D46DE8}") = "Solution Items", "Solution Items", "{E6A9AB7F-ED2B-4C9A-9E2C-1979B4A0CC05}"
	ProjectSection(SolutionItems) = preProject
		..\..\lib\CommonSettings.targets = ..\..\lib\CommonSettings.targets
	EndProjectSection
EndProject
Global
	GlobalSection(SolutionConfigurationPlatforms) = preSolution
		Debug|Any CPU = Debug|Any CPU
		ExportDebug|Any CPU = ExportDebug|Any CPU
		ExportRelease|Any CPU = ExportRelease|Any CPU
		Release|Any CPU = Release|Any CPU
	EndGlobalSection
	GlobalSection(ProjectConfigurationPlatforms) = postSolution
		{DFD6CB12-FEEB-4A42-86EA-728DCCBBEFAE}.Debug|Any CPU.ActiveCfg = Debug|Any CPU
		{DFD6CB12-FEEB-4A42-86EA-728DCCBBEFAE}.Debug|Any CPU.Build.0 = Debug|Any CPU
		{DFD6CB12-FEEB-4A42-86EA-728DCCBBEFAE}.ExportDebug|Any CPU.ActiveCfg = ExportDebug|Any CPU
		{DFD6CB12-FEEB-4A42-86EA-728DCCBBEFAE}.ExportDebug|Any CPU.Build.0 = ExportDebug|Any CPU
		{DFD6CB12-FEEB-4A42-86EA-728DCCBBEFAE}.ExportRelease|Any CPU.ActiveCfg = ExportRelease|Any CPU
		{DFD6CB12-FEEB-4A42-86EA-728DCCBBEFAE}.ExportRelease|Any CPU.Build.0 = ExportRelease|Any CPU
		{DFD6CB12-FEEB-4A42-86EA-728DCCBBEFAE}.Release|Any CPU.ActiveCfg = ExportRelease|Any CPU
		{DFD6CB12-FEEB-4A42-86EA-728DCCBBEFAE}.Release|Any CPU.Build.0 = ExportRelease|Any CPU
		{43AE17FC-7784-40FA-9A2E-562FBA451F9A}.Debug|Any CPU.ActiveCfg = Debug|Any CPU
		{43AE17FC-7784-40FA-9A2E-562FBA451F9A}.Debug|Any CPU.Build.0 = Debug|Any CPU
		{43AE17FC-7784-40FA-9A2E-562FBA451F9A}.ExportDebug|Any CPU.ActiveCfg = Debug|Any CPU
		{43AE17FC-7784-40FA-9A2E-562FBA451F9A}.ExportDebug|Any CPU.Build.0 = Debug|Any CPU
		{43AE17FC-7784-40FA-9A2E-562FBA451F9A}.ExportRelease|Any CPU.ActiveCfg = Release|Any CPU
		{43AE17FC-7784-40FA-9A2E-562FBA451F9A}.ExportRelease|Any CPU.Build.0 = Release|Any CPU
		{43AE17FC-7784-40FA-9A2E-562FBA451F9A}.Release|Any CPU.ActiveCfg = Release|Any CPU
		{43AE17FC-7784-40FA-9A2E-562FBA451F9A}.Release|Any CPU.Build.0 = Release|Any CPU
		{37675BCC-F03C-4F60-B541-257F3BF48281}.Debug|Any CPU.ActiveCfg = Debug|Any CPU
		{37675BCC-F03C-4F60-B541-257F3BF48281}.Debug|Any CPU.Build.0 = Debug|Any CPU
		{37675BCC-F03C-4F60-B541-257F3BF48281}.ExportDebug|Any CPU.ActiveCfg = ExportDebug|Any CPU
		{37675BCC-F03C-4F60-B541-257F3BF48281}.ExportDebug|Any CPU.Build.0 = ExportDebug|Any CPU
		{37675BCC-F03C-4F60-B541-257F3BF48281}.ExportRelease|Any CPU.ActiveCfg = ExportRelease|Any CPU
		{37675BCC-F03C-4F60-B541-257F3BF48281}.ExportRelease|Any CPU.Build.0 = ExportRelease|Any CPU
		{37675BCC-F03C-4F60-B541-257F3BF48281}.Release|Any CPU.ActiveCfg = ExportRelease|Any CPU
		{37675BCC-F03C-4F60-B541-257F3BF48281}.Release|Any CPU.Build.0 = ExportRelease|Any CPU
		{94FB113B-495C-4295-884D-1EFAC11815A5}.Debug|Any CPU.ActiveCfg = Debug|Any CPU
		{94FB113B-495C-4295-884D-1EFAC11815A5}.Debug|Any CPU.Build.0 = Debug|Any CPU
		{94FB113B-495C-4295-884D-1EFAC11815A5}.ExportDebug|Any CPU.ActiveCfg = Debug|Any CPU
		{94FB113B-495C-4295-884D-1EFAC11815A5}.ExportDebug|Any CPU.Build.0 = Debug|Any CPU
		{94FB113B-495C-4295-884D-1EFAC11815A5}.ExportRelease|Any CPU.ActiveCfg = Release|Any CPU
		{94FB113B-495C-4295-884D-1EFAC11815A5}.ExportRelease|Any CPU.Build.0 = Release|Any CPU
		{94FB113B-495C-4295-884D-1EFAC11815A5}.Release|Any CPU.ActiveCfg = Release|Any CPU
		{94FB113B-495C-4295-884D-1EFAC11815A5}.Release|Any CPU.Build.0 = Release|Any CPU
		{D36DDC06-1F18-47EE-97D6-29FCCF6B627C}.Debug|Any CPU.ActiveCfg = Debug|Any CPU
		{D36DDC06-1F18-47EE-97D6-29FCCF6B627C}.Debug|Any CPU.Build.0 = Debug|Any CPU
		{D36DDC06-1F18-47EE-97D6-29FCCF6B627C}.ExportDebug|Any CPU.ActiveCfg = Debug|Any CPU
		{D36DDC06-1F18-47EE-97D6-29FCCF6B627C}.ExportDebug|Any CPU.Build.0 = Debug|Any CPU
		{D36DDC06-1F18-47EE-97D6-29FCCF6B627C}.ExportRelease|Any CPU.ActiveCfg = Release|Any CPU
		{D36DDC06-1F18-47EE-97D6-29FCCF6B627C}.ExportRelease|Any CPU.Build.0 = Release|Any CPU
		{D36DDC06-1F18-47EE-97D6-29FCCF6B627C}.Release|Any CPU.ActiveCfg = Release|Any CPU
		{D36DDC06-1F18-47EE-97D6-29FCCF6B627C}.Release|Any CPU.Build.0 = Release|Any CPU
		{A19C2334-B2E0-4314-983D-AD379FFD8416}.Debug|Any CPU.ActiveCfg = Debug|Any CPU
		{A19C2334-B2E0-4314-983D-AD379FFD8416}.Debug|Any CPU.Build.0 = Debug|Any CPU
		{A19C2334-B2E0-4314-983D-AD379FFD8416}.ExportDebug|Any CPU.ActiveCfg = Debug|Any CPU
		{A19C2334-B2E0-4314-983D-AD379FFD8416}.ExportDebug|Any CPU.Build.0 = Debug|Any CPU
		{A19C2334-B2E0-4314-983D-AD379FFD8416}.ExportRelease|Any CPU.ActiveCfg = Release|Any CPU
		{A19C2334-B2E0-4314-983D-AD379FFD8416}.ExportRelease|Any CPU.Build.0 = Release|Any CPU
		{A19C2334-B2E0-4314-983D-AD379FFD8416}.Release|Any CPU.ActiveCfg = Release|Any CPU
		{A19C2334-B2E0-4314-983D-AD379FFD8416}.Release|Any CPU.Build.0 = Release|Any CPU
	EndGlobalSection
	GlobalSection(SolutionProperties) = preSolution
		HideSolutionNode = FALSE
	EndGlobalSection
	GlobalSection(ExtensibilityGlobals) = postSolution
		SolutionGuid = {623D8841-CFD8-4464-8AB7-84AFAAA4B30D}
	EndGlobalSection
EndGlobal
