Microsoft Visual Studio Solution File, Format Version 12.00
# Visual Studio 2012
Project("{FAE04EC0-301F-11D3-BF4B-00C04F79EFBC}") = "ProjectBoostCSharp", "ProjectBoostCSharp\ProjectBoostCSharp.csproj", "{4733E072-D0FF-453E-845B-7AB2226AD542}"
EndProject
Global
	GlobalSection(SolutionConfigurationPlatforms) = preSolution
	Debug|Any CPU = Debug|Any CPU
	ExportDebug|Any CPU = ExportDebug|Any CPU
	ExportRelease|Any CPU = ExportRelease|Any CPU
	EndGlobalSection
	GlobalSection(ProjectConfigurationPlatforms) = postSolution
		{4733E072-D0FF-453E-845B-7AB2226AD542}.Debug|Any CPU.ActiveCfg = Debug|Any CPU
		{4733E072-D0FF-453E-845B-7AB2226AD542}.Debug|Any CPU.Build.0 = Debug|Any CPU
		{4733E072-D0FF-453E-845B-7AB2226AD542}.ExportDebug|Any CPU.ActiveCfg = ExportDebug|Any CPU
		{4733E072-D0FF-453E-845B-7AB2226AD542}.ExportDebug|Any CPU.Build.0 = ExportDebug|Any CPU
		{4733E072-D0FF-453E-845B-7AB2226AD542}.ExportRelease|Any CPU.ActiveCfg = ExportRelease|Any CPU
		{4733E072-D0FF-453E-845B-7AB2226AD542}.ExportRelease|Any CPU.Build.0 = ExportRelease|Any CPU
	EndGlobalSection
EndGlobal
